
Microsoft Visual Studio Solution File, Format Version 12.00
# Visual Studio Version 17
VisualStudioVersion = 17.5.002.0
MinimumVisualStudioVersion = 10.0.40219.1
Project("{9A19103F-16F7-4668-BE54-9A1E7A4F7556}") = "StopWatch", "StopWatch.csproj", "{7CB50680-51A3-420B-B9A3-306896D6C606}"
EndProject
Global
	GlobalSection(SolutionConfigurationPlatforms) = preSolution
		Debug|Any CPU = Debug|Any CPU
		Release|Any CPU = Release|Any CPU
	EndGlobalSection
	GlobalSection(ProjectConfigurationPlatforms) = postSolution
		{7CB50680-51A3-420B-B9A3-306896D6C606}.Debug|Any CPU.ActiveCfg = Debug|Any CPU
		{7CB50680-51A3-420B-B9A3-306896D6C606}.Debug|Any CPU.Build.0 = Debug|Any CPU
		{7CB50680-51A3-420B-B9A3-306896D6C606}.Release|Any CPU.ActiveCfg = Release|Any CPU
		{7CB50680-51A3-420B-B9A3-306896D6C606}.Release|Any CPU.Build.0 = Release|Any CPU
	EndGlobalSection
	GlobalSection(SolutionProperties) = preSolution
		HideSolutionNode = FALSE
	EndGlobalSection
	GlobalSection(ExtensibilityGlobals) = postSolution
		SolutionGuid = {7EF85CA3-E12C-4F33-BFA8-7D7105A8E546}
	EndGlobalSection
EndGlobal
